
Microsoft Visual Studio Solution File, Format Version 12.00
# Visual Studio Version 17
VisualStudioVersion = 17.2.32630.192
MinimumVisualStudioVersion = 10.0.40219.1
Project("{FAE04EC0-301F-11D3-BF4B-00C04F79EFBC}") = "Utilizando_using_em_c_sharp", "Utilizando_using_em_c_sharp.csproj", "{BCE7A2D0-938F-4744-9816-EF8E586595D8}"
EndProject
Global
	GlobalSection(SolutionConfigurationPlatforms) = preSolution
		Debug|Any CPU = Debug|Any CPU
		Release|Any CPU = Release|Any CPU
	EndGlobalSection
	GlobalSection(ProjectConfigurationPlatforms) = postSolution
		{BCE7A2D0-938F-4744-9816-EF8E586595D8}.Debug|Any CPU.ActiveCfg = Debug|Any CPU
		{BCE7A2D0-938F-4744-9816-EF8E586595D8}.Debug|Any CPU.Build.0 = Debug|Any CPU
		{BCE7A2D0-938F-4744-9816-EF8E586595D8}.Release|Any CPU.ActiveCfg = Release|Any CPU
		{BCE7A2D0-938F-4744-9816-EF8E586595D8}.Release|Any CPU.Build.0 = Release|Any CPU
	EndGlobalSection
	GlobalSection(SolutionProperties) = preSolution
		HideSolutionNode = FALSE
	EndGlobalSection
	GlobalSection(ExtensibilityGlobals) = postSolution
		SolutionGuid = {A26E0BA0-F341-4422-BD61-E2320A578BB5}
	EndGlobalSection
EndGlobal
